
Microsoft Visual Studio Solution File, Format Version 12.00
# Visual Studio Version 16
VisualStudioVersion = 16.0.31911.196
MinimumVisualStudioVersion = 10.0.40219.1
Project("{FAE04EC0-301F-11D3-BF4B-00C04F79EFBC}") = "InvoiceManagementSystem", "InvoiceManagementSystem.csproj", "{D0629ED7-4430-4714-AF8B-F409C00DF5A6}"
EndProject
Global
	GlobalSection(SolutionConfigurationPlatforms) = preSolution
		Debug|Any CPU = Debug|Any CPU
		Release|Any CPU = Release|Any CPU
	EndGlobalSection
	GlobalSection(ProjectConfigurationPlatforms) = postSolution
		{D0629ED7-4430-4714-AF8B-F409C00DF5A6}.Debug|Any CPU.ActiveCfg = Debug|Any CPU
		{D0629ED7-4430-4714-AF8B-F409C00DF5A6}.Debug|Any CPU.Build.0 = Debug|Any CPU
		{D0629ED7-4430-4714-AF8B-F409C00DF5A6}.Release|Any CPU.ActiveCfg = Release|Any CPU
		{D0629ED7-4430-4714-AF8B-F409C00DF5A6}.Release|Any CPU.Build.0 = Release|Any CPU
	EndGlobalSection
	GlobalSection(SolutionProperties) = preSolution
		HideSolutionNode = FALSE
	EndGlobalSection
	GlobalSection(ExtensibilityGlobals) = postSolution
		SolutionGuid = {51560932-684D-41E0-8863-8EA5979FE39F}
	EndGlobalSection
EndGlobal
